
Microsoft Visual Studio Solution File, Format Version 12.00
# Visual Studio Version 17
VisualStudioVersion = 17.5.001.0
MinimumVisualStudioVersion = 10.0.40219.1
Project("{9A19103F-16F7-4668-BE54-9A1E7A4F7556}") = "DesafioPOO", "DesafioPOO.csproj", "{2D48B454-F14C-4486-A5ED-4572FA50199B}"
EndProject
Global
	GlobalSection(SolutionConfigurationPlatforms) = preSolution
		Debug|Any CPU = Debug|Any CPU
		Release|Any CPU = Release|Any CPU
	EndGlobalSection
	GlobalSection(ProjectConfigurationPlatforms) = postSolution
		{2D48B454-F14C-4486-A5ED-4572FA50199B}.Debug|Any CPU.ActiveCfg = Debug|Any CPU
		{2D48B454-F14C-4486-A5ED-4572FA50199B}.Debug|Any CPU.Build.0 = Debug|Any CPU
		{2D48B454-F14C-4486-A5ED-4572FA50199B}.Release|Any CPU.ActiveCfg = Release|Any CPU
		{2D48B454-F14C-4486-A5ED-4572FA50199B}.Release|Any CPU.Build.0 = Release|Any CPU
	EndGlobalSection
	GlobalSection(SolutionProperties) = preSolution
		HideSolutionNode = FALSE
	EndGlobalSection
	GlobalSection(ExtensibilityGlobals) = postSolution
		SolutionGuid = {7A92E2EF-7D71-4927-A5A6-7DCE26BE9F33}
	EndGlobalSection
EndGlobal
